{
  "requires": true,
  "lockfileVersion": 1,
  "dependencies": {
    "rxjs-compat": {
      "version": "6.6.6",
      "resolved": "https://registry.npmjs.org/rxjs-compat/-/rxjs-compat-6.6.6.tgz",
      "integrity": "sha512-P6JOpjCYUBdXLMktko0a6JHltGaktFJA2W3DWDIjc+I9x9IwRQprOrHQf/fIykY3wAaSbbZIt6GASGMVC1mGfQ=="
    }
  }
}
